
Microsoft Visual Studio Solution File, Format Version 12.00
# Visual Studio Version 16
VisualStudioVersion = 16.0.32002.261
MinimumVisualStudioVersion = 10.0.40219.1
Project("{FAE04EC0-301F-11D3-BF4B-00C04F79EFBC}") = "01. Pool Day", "01. Pool Day\01. Pool Day.csproj", "{CE01B4BD-393C-47E8-A43B-07E6E53029D6}"
EndProject
Project("{FAE04EC0-301F-11D3-BF4B-00C04F79EFBC}") = "02. Family Trip", "02. Family Trip\02. Family Trip.csproj", "{C9C9C918-B881-4FF7-802E-B7ACCFADB208}"
EndProject
Project("{FAE04EC0-301F-11D3-BF4B-00C04F79EFBC}") = "03. Coffee Machine", "03. Coffee Machine\03. Coffee Machine.csproj", "{80F61E18-4D04-45D7-9995-C587E0827036}"
EndProject
Global
	GlobalSection(SolutionConfigurationPlatforms) = preSolution
		Debug|Any CPU = Debug|Any CPU
		Release|Any CPU = Release|Any CPU
	EndGlobalSection
	GlobalSection(ProjectConfigurationPlatforms) = postSolution
		{CE01B4BD-393C-47E8-A43B-07E6E53029D6}.Debug|Any CPU.ActiveCfg = Debug|Any CPU
		{CE01B4BD-393C-47E8-A43B-07E6E53029D6}.Debug|Any CPU.Build.0 = Debug|Any CPU
		{CE01B4BD-393C-47E8-A43B-07E6E53029D6}.Release|Any CPU.ActiveCfg = Release|Any CPU
		{CE01B4BD-393C-47E8-A43B-07E6E53029D6}.Release|Any CPU.Build.0 = Release|Any CPU
		{C9C9C918-B881-4FF7-802E-B7ACCFADB208}.Debug|Any CPU.ActiveCfg = Debug|Any CPU
		{C9C9C918-B881-4FF7-802E-B7ACCFADB208}.Debug|Any CPU.Build.0 = Debug|Any CPU
		{C9C9C918-B881-4FF7-802E-B7ACCFADB208}.Release|Any CPU.ActiveCfg = Release|Any CPU
		{C9C9C918-B881-4FF7-802E-B7ACCFADB208}.Release|Any CPU.Build.0 = Release|Any CPU
		{80F61E18-4D04-45D7-9995-C587E0827036}.Debug|Any CPU.ActiveCfg = Debug|Any CPU
		{80F61E18-4D04-45D7-9995-C587E0827036}.Debug|Any CPU.Build.0 = Debug|Any CPU
		{80F61E18-4D04-45D7-9995-C587E0827036}.Release|Any CPU.ActiveCfg = Release|Any CPU
		{80F61E18-4D04-45D7-9995-C587E0827036}.Release|Any CPU.Build.0 = Release|Any CPU
	EndGlobalSection
	GlobalSection(SolutionProperties) = preSolution
		HideSolutionNode = FALSE
	EndGlobalSection
	GlobalSection(ExtensibilityGlobals) = postSolution
		SolutionGuid = {099B48F2-DE83-4536-AD82-55DFE65955AC}
	EndGlobalSection
EndGlobal
